// !$*UTF8*$!
{
	archiveVersion = 1;
	classes = {
	};
	objectVersion = 46;
	objects = {

/* Begin PBXBuildFile section */
		CB764EFD1B02071100BB3B7C /* main.c in Sources */ = {isa = PBXBuildFile; fileRef = CB764EFC1B02071100BB3B7C /* main.c */; };
		CB764EFF1B02072B00BB3B7C /* client_handler.c in Sources */ = {isa = PBXBuildFile; fileRef = CB764EFE1B02072B00BB3B7C /* client_handler.c */; };
		CB764F021B02073C00BB3B7C /* client_process.c in Sources */ = {isa = PBXBuildFile; fileRef = CB764F011B02073C00BB3B7C /* client_process.c */; };
		CB764F061B02077C00BB3B7C /* net_msgs.c in Sources */ = {isa = PBXBuildFile; fileRef = CB764F051B02077C00BB3B7C /* net_msgs.c */; };
		CB764F0A1B02078A00BB3B7C /* spel_objects.c in Sources */ = {isa = PBXBuildFile; fileRef = CB764F091B02078A00BB3B7C /* spel_objects.c */; };
		CB764F0E1B0207AF00BB3B7C /* SDL2_net.framework in Frameworks */ = {isa = PBXBuildFile; fileRef = CB764F0C1B0207AF00BB3B7C /* SDL2_net.framework */; };
		CB764F0F1B0207AF00BB3B7C /* SDL2.framework in Frameworks */ = {isa = PBXBuildFile; fileRef = CB764F0D1B0207AF00BB3B7C /* SDL2.framework */; };
/* End PBXBuildFile section */

/* Begin PBXCopyFilesBuildPhase section */
		CB764EF01B0206F300BB3B7C /* CopyFiles */ = {
			isa = PBXCopyFilesBuildPhase;
			buildActionMask = 2147483647;
			dstPath = /usr/share/man/man1/;
			dstSubfolderSpec = 0;
			files = (
			);
			runOnlyForDeploymentPostprocessing = 1;
		};
/* End PBXCopyFilesBuildPhase section */

/* Begin PBXFileReference section */
		CB764EF21B0206F300BB3B7C /* spel_server */ = {isa = PBXFileReference; explicitFileType = "compiled.mach-o.executable"; includeInIndex = 0; path = spel_server; sourceTree = BUILT_PRODUCTS_DIR; };
		CB764EFC1B02071100BB3B7C /* main.c */ = {isa = PBXFileReference; fileEncoding = 4; lastKnownFileType = sourcecode.c.c; name = main.c; path = ../main.c; sourceTree = "<group>"; };
		CB764EFE1B02072B00BB3B7C /* client_handler.c */ = {isa = PBXFileReference; fileEncoding = 4; lastKnownFileType = sourcecode.c.c; name = client_handler.c; path = ../client_handler.c; sourceTree = "<group>"; };
		CB764F001B02073300BB3B7C /* client_handler.h */ = {isa = PBXFileReference; lastKnownFileType = sourcecode.c.h; name = client_handler.h; path = ../client_handler.h; sourceTree = "<group>"; };
		CB764F011B02073C00BB3B7C /* client_process.c */ = {isa = PBXFileReference; fileEncoding = 4; lastKnownFileType = sourcecode.c.c; name = client_process.c; path = ../client_process.c; sourceTree = "<group>"; };
		CB764F041B02076700BB3B7C /* client_process.h */ = {isa = PBXFileReference; lastKnownFileType = sourcecode.c.h; name = client_process.h; path = ../client_process.h; sourceTree = "<group>"; };
		CB764F051B02077C00BB3B7C /* net_msgs.c */ = {isa = PBXFileReference; fileEncoding = 4; lastKnownFileType = sourcecode.c.c; name = net_msgs.c; path = ../net_msgs.c; sourceTree = "<group>"; };
		CB764F071B02078200BB3B7C /* net_msgs.h */ = {isa = PBXFileReference; lastKnownFileType = sourcecode.c.h; name = net_msgs.h; path = ../net_msgs.h; sourceTree = "<group>"; };
		CB764F081B02078600BB3B7C /* server_structs.h */ = {isa = PBXFileReference; lastKnownFileType = sourcecode.c.h; name = server_structs.h; path = ../server_structs.h; sourceTree = "<group>"; };
		CB764F091B02078A00BB3B7C /* spel_objects.c */ = {isa = PBXFileReference; fileEncoding = 4; lastKnownFileType = sourcecode.c.c; name = spel_objects.c; path = ../spel_objects.c; sourceTree = "<group>"; };
		CB764F0B1B02078F00BB3B7C /* spel_objects.h */ = {isa = PBXFileReference; lastKnownFileType = sourcecode.c.h; name = spel_objects.h; path = ../spel_objects.h; sourceTree = "<group>"; };
		CB764F0C1B0207AF00BB3B7C /* SDL2_net.framework */ = {isa = PBXFileReference; lastKnownFileType = wrapper.framework; name = SDL2_net.framework; path = ../../../Library/Frameworks/SDL2_net.framework; sourceTree = "<group>"; };
		CB764F0D1B0207AF00BB3B7C /* SDL2.framework */ = {isa = PBXFileReference; lastKnownFileType = wrapper.framework; name = SDL2.framework; path = ../../../Library/Frameworks/SDL2.framework; sourceTree = "<group>"; };
/* End PBXFileReference section */

/* Begin PBXFrameworksBuildPhase section */
		CB764EEF1B0206F300BB3B7C /* Frameworks */ = {
			isa = PBXFrameworksBuildPhase;
			buildActionMask = 2147483647;
			files = (
				CB764F0E1B0207AF00BB3B7C /* SDL2_net.framework in Frameworks */,
				CB764F0F1B0207AF00BB3B7C /* SDL2.framework in Frameworks */,
			);
			runOnlyForDeploymentPostprocessing = 0;
		};
/* End PBXFrameworksBuildPhase section */

/* Begin PBXGroup section */
		CB764EE91B0206F300BB3B7C = {
			isa = PBXGroup;
			children = (
				CB764F0C1B0207AF00BB3B7C /* SDL2_net.framework */,
				CB764F0D1B0207AF00BB3B7C /* SDL2.framework */,
				CB764EFC1B02071100BB3B7C /* main.c */,
				CB764EFE1B02072B00BB3B7C /* client_handler.c */,
				CB764F001B02073300BB3B7C /* client_handler.h */,
				CB764F011B02073C00BB3B7C /* client_process.c */,
				CB764F041B02076700BB3B7C /* client_process.h */,
				CB764F051B02077C00BB3B7C /* net_msgs.c */,
				CB764F071B02078200BB3B7C /* net_msgs.h */,
				CB764F081B02078600BB3B7C /* server_structs.h */,
				CB764F091B02078A00BB3B7C /* spel_objects.c */,
				CB764F0B1B02078F00BB3B7C /* spel_objects.h */,
				CB764EF41B0206F300BB3B7C /* spel_server */,
				CB764EF31B0206F300BB3B7C /* Products */,
			);
			sourceTree = "<group>";
		};
		CB764EF31B0206F300BB3B7C /* Products */ = {
			isa = PBXGroup;
			children = (
				CB764EF21B0206F300BB3B7C /* spel_server */,
			);
			name = Products;
			sourceTree = "<group>";
		};
		CB764EF41B0206F300BB3B7C /* spel_server */ = {
			isa = PBXGroup;
			children = (
			);
			path = spel_server;
			sourceTree = "<group>";
		};
/* End PBXGroup section */

/* Begin PBXNativeTarget section */
		CB764EF11B0206F300BB3B7C /* spel_server */ = {
			isa = PBXNativeTarget;
			buildConfigurationList = CB764EF91B0206F300BB3B7C /* Build configuration list for PBXNativeTarget "spel_server" */;
			buildPhases = (
				CB764EEE1B0206F300BB3B7C /* Sources */,
				CB764EEF1B0206F300BB3B7C /* Frameworks */,
				CB764EF01B0206F300BB3B7C /* CopyFiles */,
			);
			buildRules = (
			);
			dependencies = (
			);
			name = spel_server;
			productName = spel_server;
			productReference = CB764EF21B0206F300BB3B7C /* spel_server */;
			productType = "com.apple.product-type.tool";
		};
/* End PBXNativeTarget section */

/* Begin PBXProject section */
		CB764EEA1B0206F300BB3B7C /* Project object */ = {
			isa = PBXProject;
			attributes = {
				LastUpgradeCheck = 0630;
				ORGANIZATIONNAME = spel_server;
				TargetAttributes = {
					CB764EF11B0206F300BB3B7C = {
						CreatedOnToolsVersion = 6.3.1;
					};
				};
			};
			buildConfigurationList = CB764EED1B0206F300BB3B7C /* Build configuration list for PBXProject "spel_server" */;
			compatibilityVersion = "Xcode 3.2";
			developmentRegion = English;
			hasScannedForEncodings = 0;
			knownRegions = (
				en,
			);
			mainGroup = CB764EE91B0206F300BB3B7C;
			productRefGroup = CB764EF31B0206F300BB3B7C /* Products */;
			projectDirPath = "";
			projectRoot = "";
			targets = (
				CB764EF11B0206F300BB3B7C /* spel_server */,
			);
		};
/* End PBXProject section */

/* Begin PBXSourcesBuildPhase section */
		CB764EEE1B0206F300BB3B7C /* Sources */ = {
			isa = PBXSourcesBuildPhase;
			buildActionMask = 2147483647;
			files = (
				CB764EFD1B02071100BB3B7C /* main.c in Sources */,
				CB764F0A1B02078A00BB3B7C /* spel_objects.c in Sources */,
				CB764F021B02073C00BB3B7C /* client_process.c in Sources */,
				CB764EFF1B02072B00BB3B7C /* client_handler.c in Sources */,
				CB764F061B02077C00BB3B7C /* net_msgs.c in Sources */,
			);
			runOnlyForDeploymentPostprocessing = 0;
		};
/* End PBXSourcesBuildPhase section */

/* Begin XCBuildConfiguration section */
		CB764EF71B0206F300BB3B7C /* Debug */ = {
			isa = XCBuildConfiguration;
			buildSettings = {
				ALWAYS_SEARCH_USER_PATHS = NO;
				CLANG_CXX_LANGUAGE_STANDARD = "gnu++0x";
				CLANG_CXX_LIBRARY = "libc++";
				CLANG_ENABLE_MODULES = YES;
				CLANG_ENABLE_OBJC_ARC = YES;
				CLANG_WARN_BOOL_CONVERSION = YES;
				CLANG_WARN_CONSTANT_CONVERSION = YES;
				CLANG_WARN_DIRECT_OBJC_ISA_USAGE = YES_ERROR;
				CLANG_WARN_EMPTY_BODY = YES;
				CLANG_WARN_ENUM_CONVERSION = YES;
				CLANG_WARN_INT_CONVERSION = YES;
				CLANG_WARN_OBJC_ROOT_CLASS = YES_ERROR;
				CLANG_WARN_UNREACHABLE_CODE = YES;
				CLANG_WARN__DUPLICATE_METHOD_MATCH = YES;
				COPY_PHASE_STRIP = NO;
				DEBUG_INFORMATION_FORMAT = dwarf;
				ENABLE_STRICT_OBJC_MSGSEND = YES;
				GCC_C_LANGUAGE_STANDARD = gnu99;
				GCC_DYNAMIC_NO_PIC = NO;
				GCC_NO_COMMON_BLOCKS = YES;
				GCC_OPTIMIZATION_LEVEL = 0;
				GCC_PREPROCESSOR_DEFINITIONS = (
					"DEBUG=1",
					"$(inherited)",
				);
				GCC_SYMBOLS_PRIVATE_EXTERN = NO;
				GCC_WARN_64_TO_32_BIT_CONVERSION = YES;
				GCC_WARN_ABOUT_RETURN_TYPE = YES_ERROR;
				GCC_WARN_UNDECLARED_SELECTOR = YES;
				GCC_WARN_UNINITIALIZED_AUTOS = YES_AGGRESSIVE;
				GCC_WARN_UNUSED_FUNCTION = YES;
				GCC_WARN_UNUSED_VARIABLE = YES;
				MACOSX_DEPLOYMENT_TARGET = 10.10;
				MTL_ENABLE_DEBUG_INFO = YES;
				ONLY_ACTIVE_ARCH = YES;
				SDKROOT = macosx;
			};
			name = Debug;
		};
		CB764EF81B0206F300BB3B7C /* Release */ = {
			isa = XCBuildConfiguration;
			buildSettings = {
				ALWAYS_SEARCH_USER_PATHS = NO;
				CLANG_CXX_LANGUAGE_STANDARD = "gnu++0x";
				CLANG_CXX_LIBRARY = "libc++";
				CLANG_ENABLE_MODULES = YES;
				CLANG_ENABLE_OBJC_ARC = YES;
				CLANG_WARN_BOOL_CONVERSION = YES;
				CLANG_WARN_CONSTANT_CONVERSION = YES;
				CLANG_WARN_DIRECT_OBJC_ISA_USAGE = YES_ERROR;
				CLANG_WARN_EMPTY_BODY = YES;
				CLANG_WARN_ENUM_CONVERSION = YES;
				CLANG_WARN_INT_CONVERSION = YES;
				CLANG_WARN_OBJC_ROOT_CLASS = YES_ERROR;
				CLANG_WARN_UNREACHABLE_CODE = YES;
				CLANG_WARN__DUPLICATE_METHOD_MATCH = YES;
				COPY_PHASE_STRIP = NO;
				DEBUG_INFORMATION_FORMAT = "dwarf-with-dsym";
				ENABLE_NS_ASSERTIONS = NO;
				ENABLE_STRICT_OBJC_MSGSEND = YES;
				GCC_C_LANGUAGE_STANDARD = gnu99;
				GCC_NO_COMMON_BLOCKS = YES;
				GCC_WARN_64_TO_32_BIT_CONVERSION = YES;
				GCC_WARN_ABOUT_RETURN_TYPE = YES_ERROR;
				GCC_WARN_UNDECLARED_SELECTOR = YES;
				GCC_WARN_UNINITIALIZED_AUTOS = YES_AGGRESSIVE;
				GCC_WARN_UNUSED_FUNCTION = YES;
				GCC_WARN_UNUSED_VARIABLE = YES;
				MACOSX_DEPLOYMENT_TARGET = 10.10;
				MTL_ENABLE_DEBUG_INFO = NO;
				SDKROOT = macosx;
			};
			name = Release;
		};
		CB764EFA1B0206F300BB3B7C /* Debug */ = {
			isa = XCBuildConfiguration;
			buildSettings = {
				FRAMEWORK_SEARCH_PATHS = (
					"$(inherited)",
					"$(USER_LIBRARY_DIR)/Frameworks",
				);
				PRODUCT_NAME = "$(TARGET_NAME)";
			};
			name = Debug;
		};
		CB764EFB1B0206F300BB3B7C /* Release */ = {
			isa = XCBuildConfiguration;
			buildSettings = {
				FRAMEWORK_SEARCH_PATHS = (
					"$(inherited)",
					"$(USER_LIBRARY_DIR)/Frameworks",
				);
				PRODUCT_NAME = "$(TARGET_NAME)";
			};
			name = Release;
		};
/* End XCBuildConfiguration section */

/* Begin XCConfigurationList section */
		CB764EED1B0206F300BB3B7C /* Build configuration list for PBXProject "spel_server" */ = {
			isa = XCConfigurationList;
			buildConfigurations = (
				CB764EF71B0206F300BB3B7C /* Debug */,
				CB764EF81B0206F300BB3B7C /* Release */,
			);
			defaultConfigurationIsVisible = 0;
			defaultConfigurationName = Release;
		};
		CB764EF91B0206F300BB3B7C /* Build configuration list for PBXNativeTarget "spel_server" */ = {
			isa = XCConfigurationList;
			buildConfigurations = (
				CB764EFA1B0206F300BB3B7C /* Debug */,
				CB764EFB1B0206F300BB3B7C /* Release */,
			);
			defaultConfigurationIsVisible = 0;
		};
/* End XCConfigurationList section */
	};
	rootObject = CB764EEA1B0206F300BB3B7C /* Project object */;
}
